{
    "_readme": [
        "This file locks the dependencies of your project to a known state",
        "Read more about it at https://getcomposer.org/doc/01-basic-usage.md#composer-lock-the-lock-file",
        "This file is @generated automatically"
    ],
    "hash": "a4656b719f5080ff1219d1d7ef6f30ef",
    "content-hash": "5144ae218ba10cb1814e29d7ee1493c5",
    "packages": [
        {
            "name": "archframework/framework",
            "version": "dev-master",
            "source": {
                "type": "git",
                "url": "https://github.com/archframework/framework.git",
                "reference": "0d4dbc75a7e64b35cbbc2e9daed4fc157d7709dd"
            },
            "dist": {
                "type": "zip",
                "url": "https://api.github.com/repos/archframework/framework/zipball/0d4dbc75a7e64b35cbbc2e9daed4fc157d7709dd",
                "reference": "0d4dbc75a7e64b35cbbc2e9daed4fc157d7709dd",
                "shasum": ""
            },
            "type": "library",
            "notification-url": "https://packagist.org/downloads/",
            "authors": [
                {
                    "name": "Adrian Trainor",
                    "email": "adriantrainor.developer@gmail.com"
                }
            ],
            "description": "Core framework functionality",
            "time": "2016-12-19 16:35:00"
        }
    ],
    "packages-dev": [],
    "aliases": [],
    "minimum-stability": "stable",
    "stability-flags": {
        "archframework/framework": 20
    },
    "prefer-stable": false,
    "prefer-lowest": false,
    "platform": [],
    "platform-dev": []
}
